
Microsoft Visual Studio Solution File, Format Version 12.00
# Visual Studio Version 17
VisualStudioVersion = 17.3.32901.215
MinimumVisualStudioVersion = 10.0.40219.1
Project("{FAE04EC0-301F-11D3-BF4B-00C04F79EFBC}") = "StackAndQueue", "StackAndQueue\StackAndQueue.csproj", "{62144924-1220-429D-B76E-E97DECC456CE}"
EndProject
Global
	GlobalSection(SolutionConfigurationPlatforms) = preSolution
		Debug|Any CPU = Debug|Any CPU
		Release|Any CPU = Release|Any CPU
	EndGlobalSection
	GlobalSection(ProjectConfigurationPlatforms) = postSolution
		{62144924-1220-429D-B76E-E97DECC456CE}.Debug|Any CPU.ActiveCfg = Debug|Any CPU
		{62144924-1220-429D-B76E-E97DECC456CE}.Debug|Any CPU.Build.0 = Debug|Any CPU
		{62144924-1220-429D-B76E-E97DECC456CE}.Release|Any CPU.ActiveCfg = Release|Any CPU
		{62144924-1220-429D-B76E-E97DECC456CE}.Release|Any CPU.Build.0 = Release|Any CPU
	EndGlobalSection
	GlobalSection(SolutionProperties) = preSolution
		HideSolutionNode = FALSE
	EndGlobalSection
	GlobalSection(ExtensibilityGlobals) = postSolution
		SolutionGuid = {1C561B4D-8B98-4C23-B630-957F663C6E25}
	EndGlobalSection
EndGlobal
